lockfileVersion: '6.0'

settings:
  autoInstallPeers: true
  excludeLinksFromLockfile: false

dependencies:
  fp-ts:
    specifier: ^2.16.1
    version: 2.16.1
  monocle-ts:
    specifier: ^2.3.13
    version: 2.3.13(fp-ts@2.16.1)
  newtype-ts:
    specifier: ^0.3.5
    version: 0.3.5(fp-ts@2.16.1)(monocle-ts@2.3.13)

packages:

  /fp-ts@2.16.1:
    resolution: {integrity: sha512-by7U5W8dkIzcvDofUcO42yl9JbnHTEDBrzu3pt5fKT+Z4Oy85I21K80EYJYdjQGC2qum4Vo55Ag57iiIK4FYuA==}
    dev: false

  /monocle-ts@2.3.13(fp-ts@2.16.1):
    resolution: {integrity: sha512-D5Ygd3oulEoAm3KuGO0eeJIrhFf1jlQIoEVV2DYsZUMz42j4tGxgct97Aq68+F8w4w4geEnwFa8HayTS/7lpKQ==}
    peerDependencies:
      fp-ts: ^2.5.0
    dependencies:
      fp-ts: 2.16.1
    dev: false

  /newtype-ts@0.3.5(fp-ts@2.16.1)(monocle-ts@2.3.13):
    resolution: {integrity: sha512-v83UEQMlVR75yf1OUdoSFssjitxzjZlqBAjiGQ4WJaML8Jdc68LJ+BaSAXUmKY4bNzp7hygkKLYTsDi14PxI2g==}
    peerDependencies:
      fp-ts: ^2.0.0
      monocle-ts: ^2.0.0
    dependencies:
      fp-ts: 2.16.1
      monocle-ts: 2.3.13(fp-ts@2.16.1)
    dev: false
